// !$*UTF8*$!
{
	archiveVersion = 1;
	classes = {
	};
	objectVersion = 50;
	objects = {

/* Begin PBXBuildFile section */
		70DAC96D22811CFC00AF2837 /* AppDelegate.m in Sources */ = {isa = PBXBuildFile; fileRef = 70DAC96C22811CFC00AF2837 /* AppDelegate.m */; };
		70DAC97322811CFC00AF2837 /* Main.storyboard in Resources */ = {isa = PBXBuildFile; fileRef = 70DAC97122811CFC00AF2837 /* Main.storyboard */; };
		70DAC97522811CFF00AF2837 /* Assets.xcassets in Resources */ = {isa = PBXBuildFile; fileRef = 70DAC97422811CFF00AF2837 /* Assets.xcassets */; };
		70DAC97822811CFF00AF2837 /* LaunchScreen.storyboard in Resources */ = {isa = PBXBuildFile; fileRef = 70DAC97622811CFF00AF2837 /* LaunchScreen.storyboard */; };
		70DAC97B22811CFF00AF2837 /* main.m in Sources */ = {isa = PBXBuildFile; fileRef = 70DAC97A22811CFF00AF2837 /* main.m */; };
		70DAC98522811D0000AF2837 /* CalculatorTests.m in Sources */ = {isa = PBXBuildFile; fileRef = 70DAC98422811D0000AF2837 /* CalculatorTests.m */; };
		70DAC99122811D6F00AF2837 /* CalculatorController.m in Sources */ = {isa = PBXBuildFile; fileRef = 70DAC99022811D6F00AF2837 /* CalculatorController.m */; };
/* End PBXBuildFile section */

/* Begin PBXContainerItemProxy section */
		70DAC98122811D0000AF2837 /* PBXContainerItemProxy */ = {
			isa = PBXContainerItemProxy;
			containerPortal = 70DAC96022811CFC00AF2837 /* Project object */;
			proxyType = 1;
			remoteGlobalIDString = 70DAC96722811CFC00AF2837;
			remoteInfo = Calculator;
		};
/* End PBXContainerItemProxy section */

/* Begin PBXFileReference section */
		70DAC96822811CFC00AF2837 /* Calculator.app */ = {isa = PBXFileReference; explicitFileType = wrapper.application; includeInIndex = 0; path = Calculator.app; sourceTree = BUILT_PRODUCTS_DIR; };
		70DAC96B22811CFC00AF2837 /* AppDelegate.h */ = {isa = PBXFileReference; lastKnownFileType = sourcecode.c.h; path = AppDelegate.h; sourceTree = "<group>"; };
		70DAC96C22811CFC00AF2837 /* AppDelegate.m */ = {isa = PBXFileReference; lastKnownFileType = sourcecode.c.objc; path = AppDelegate.m; sourceTree = "<group>"; };
		70DAC97222811CFC00AF2837 /* Base */ = {isa = PBXFileReference; lastKnownFileType = file.storyboard; name = Base; path = Base.lproj/Main.storyboard; sourceTree = "<group>"; };
		70DAC97422811CFF00AF2837 /* Assets.xcassets */ = {isa = PBXFileReference; lastKnownFileType = folder.assetcatalog; path = Assets.xcassets; sourceTree = "<group>"; };
		70DAC97722811CFF00AF2837 /* Base */ = {isa = PBXFileReference; lastKnownFileType = file.storyboard; name = Base; path = Base.lproj/LaunchScreen.storyboard; sourceTree = "<group>"; };
		70DAC97922811CFF00AF2837 /* Info.plist */ = {isa = PBXFileReference; lastKnownFileType = text.plist.xml; path = Info.plist; sourceTree = "<group>"; };
		70DAC97A22811CFF00AF2837 /* main.m */ = {isa = PBXFileReference; lastKnownFileType = sourcecode.c.objc; path = main.m; sourceTree = "<group>"; };
		70DAC98022811D0000AF2837 /* CalculatorTests.xctest */ = {isa = PBXFileReference; explicitFileType = wrapper.cfbundle; includeInIndex = 0; path = CalculatorTests.xctest; sourceTree = BUILT_PRODUCTS_DIR; };
		70DAC98422811D0000AF2837 /* CalculatorTests.m */ = {isa = PBXFileReference; lastKnownFileType = sourcecode.c.objc; path = CalculatorTests.m; sourceTree = "<group>"; };
		70DAC98622811D0000AF2837 /* Info.plist */ = {isa = PBXFileReference; lastKnownFileType = text.plist.xml; path = Info.plist; sourceTree = "<group>"; };
		70DAC98F22811D6F00AF2837 /* CalculatorController.h */ = {isa = PBXFileReference; lastKnownFileType = sourcecode.c.h; path = CalculatorController.h; sourceTree = "<group>"; };
		70DAC99022811D6F00AF2837 /* CalculatorController.m */ = {isa = PBXFileReference; lastKnownFileType = sourcecode.c.objc; path = CalculatorController.m; sourceTree = "<group>"; };
/* End PBXFileReference section */

/* Begin PBXFrameworksBuildPhase section */
		70DAC96522811CFC00AF2837 /* Frameworks */ = {
			isa = PBXFrameworksBuildPhase;
			buildActionMask = 2147483647;
			files = (
			);
			runOnlyForDeploymentPostprocessing = 0;
		};
		70DAC97D22811D0000AF2837 /* Frameworks */ = {
			isa = PBXFrameworksBuildPhase;
			buildActionMask = 2147483647;
			files = (
			);
			runOnlyForDeploymentPostprocessing = 0;
		};
/* End PBXFrameworksBuildPhase section */

/* Begin PBXGroup section */
		70DAC95F22811CFC00AF2837 = {
			isa = PBXGroup;
			children = (
				70DAC96A22811CFC00AF2837 /* Calculator */,
				70DAC98322811D0000AF2837 /* CalculatorTests */,
				70DAC96922811CFC00AF2837 /* Products */,
			);
			sourceTree = "<group>";
		};
		70DAC96922811CFC00AF2837 /* Products */ = {
			isa = PBXGroup;
			children = (
				70DAC96822811CFC00AF2837 /* Calculator.app */,
				70DAC98022811D0000AF2837 /* CalculatorTests.xctest */,
			);
			name = Products;
			sourceTree = "<group>";
		};
		70DAC96A22811CFC00AF2837 /* Calculator */ = {
			isa = PBXGroup;
			children = (
				70DAC96B22811CFC00AF2837 /* AppDelegate.h */,
				70DAC96C22811CFC00AF2837 /* AppDelegate.m */,
				70DAC97122811CFC00AF2837 /* Main.storyboard */,
				70DAC97422811CFF00AF2837 /* Assets.xcassets */,
				70DAC97622811CFF00AF2837 /* LaunchScreen.storyboard */,
				70DAC97922811CFF00AF2837 /* Info.plist */,
				70DAC97A22811CFF00AF2837 /* main.m */,
				70DAC98F22811D6F00AF2837 /* CalculatorController.h */,
				70DAC99022811D6F00AF2837 /* CalculatorController.m */,
			);
			path = Calculator;
			sourceTree = "<group>";
		};
		70DAC98322811D0000AF2837 /* CalculatorTests */ = {
			isa = PBXGroup;
			children = (
				70DAC98422811D0000AF2837 /* CalculatorTests.m */,
				70DAC98622811D0000AF2837 /* Info.plist */,
			);
			path = CalculatorTests;
			sourceTree = "<group>";
		};
/* End PBXGroup section */

/* Begin PBXNativeTarget section */
		70DAC96722811CFC00AF2837 /* Calculator */ = {
			isa = PBXNativeTarget;
			buildConfigurationList = 70DAC98922811D0000AF2837 /* Build configuration list for PBXNativeTarget "Calculator" */;
			buildPhases = (
				70DAC96422811CFC00AF2837 /* Sources */,
				70DAC96522811CFC00AF2837 /* Frameworks */,
				70DAC96622811CFC00AF2837 /* Resources */,
			);
			buildRules = (
			);
			dependencies = (
			);
			name = Calculator;
			productName = Calculator;
			productReference = 70DAC96822811CFC00AF2837 /* Calculator.app */;
			productType = "com.apple.product-type.application";
		};
		70DAC97F22811D0000AF2837 /* CalculatorTests */ = {
			isa = PBXNativeTarget;
			buildConfigurationList = 70DAC98C22811D0000AF2837 /* Build configuration list for PBXNativeTarget "CalculatorTests" */;
			buildPhases = (
				70DAC97C22811D0000AF2837 /* Sources */,
				70DAC97D22811D0000AF2837 /* Frameworks */,
				70DAC97E22811D0000AF2837 /* Resources */,
			);
			buildRules = (
			);
			dependencies = (
				70DAC98222811D0000AF2837 /* PBXTargetDependency */,
			);
			name = CalculatorTests;
			productName = CalculatorTests;
			productReference = 70DAC98022811D0000AF2837 /* CalculatorTests.xctest */;
			productType = "com.apple.product-type.bundle.unit-test";
		};
/* End PBXNativeTarget section */

/* Begin PBXProject section */
		70DAC96022811CFC00AF2837 /* Project object */ = {
			isa = PBXProject;
			attributes = {
				LastUpgradeCheck = 1020;
				ORGANIZATIONNAME = x.wang;
				TargetAttributes = {
					70DAC96722811CFC00AF2837 = {
						CreatedOnToolsVersion = 10.2;
					};
					70DAC97F22811D0000AF2837 = {
						CreatedOnToolsVersion = 10.2;
						TestTargetID = 70DAC96722811CFC00AF2837;
					};
				};
			};
			buildConfigurationList = 70DAC96322811CFC00AF2837 /* Build configuration list for PBXProject "Calculator" */;
			compatibilityVersion = "Xcode 9.3";
			developmentRegion = en;
			hasScannedForEncodings = 0;
			knownRegions = (
				en,
				Base,
			);
			mainGroup = 70DAC95F22811CFC00AF2837;
			productRefGroup = 70DAC96922811CFC00AF2837 /* Products */;
			projectDirPath = "";
			projectRoot = "";
			targets = (
				70DAC96722811CFC00AF2837 /* Calculator */,
				70DAC97F22811D0000AF2837 /* CalculatorTests */,
			);
		};
/* End PBXProject section */

/* Begin PBXResourcesBuildPhase section */
		70DAC96622811CFC00AF2837 /* Resources */ = {
			isa = PBXResourcesBuildPhase;
			buildActionMask = 2147483647;
			files = (
				70DAC97822811CFF00AF2837 /* LaunchScreen.storyboard in Resources */,
				70DAC97522811CFF00AF2837 /* Assets.xcassets in Resources */,
				70DAC97322811CFC00AF2837 /* Main.storyboard in Resources */,
			);
			runOnlyForDeploymentPostprocessing = 0;
		};
		70DAC97E22811D0000AF2837 /* Resources */ = {
			isa = PBXResourcesBuildPhase;
			buildActionMask = 2147483647;
			files = (
			);
			runOnlyForDeploymentPostprocessing = 0;
		};
/* End PBXResourcesBuildPhase section */

/* Begin PBXSourcesBuildPhase section */
		70DAC96422811CFC00AF2837 /* Sources */ = {
			isa = PBXSourcesBuildPhase;
			buildActionMask = 2147483647;
			files = (
				70DAC97B22811CFF00AF2837 /* main.m in Sources */,
				70DAC96D22811CFC00AF2837 /* AppDelegate.m in Sources */,
				70DAC99122811D6F00AF2837 /* CalculatorController.m in Sources */,
			);
			runOnlyForDeploymentPostprocessing = 0;
		};
		70DAC97C22811D0000AF2837 /* Sources */ = {
			isa = PBXSourcesBuildPhase;
			buildActionMask = 2147483647;
			files = (
				70DAC98522811D0000AF2837 /* CalculatorTests.m in Sources */,
			);
			runOnlyForDeploymentPostprocessing = 0;
		};
/* End PBXSourcesBuildPhase section */

/* Begin PBXTargetDependency section */
		70DAC98222811D0000AF2837 /* PBXTargetDependency */ = {
			isa = PBXTargetDependency;
			target = 70DAC96722811CFC00AF2837 /* Calculator */;
			targetProxy = 70DAC98122811D0000AF2837 /* PBXContainerItemProxy */;
		};
/* End PBXTargetDependency section */

/* Begin PBXVariantGroup section */
		70DAC97122811CFC00AF2837 /* Main.storyboard */ = {
			isa = PBXVariantGroup;
			children = (
				70DAC97222811CFC00AF2837 /* Base */,
			);
			name = Main.storyboard;
			sourceTree = "<group>";
		};
		70DAC97622811CFF00AF2837 /* LaunchScreen.storyboard */ = {
			isa = PBXVariantGroup;
			children = (
				70DAC97722811CFF00AF2837 /* Base */,
			);
			name = LaunchScreen.storyboard;
			sourceTree = "<group>";
		};
/* End PBXVariantGroup section */

/* Begin XCBuildConfiguration section */
		70DAC98722811D0000AF2837 /* Debug */ = {
			isa = XCBuildConfiguration;
			buildSettings = {
				ALWAYS_SEARCH_USER_PATHS = NO;
				CLANG_ANALYZER_NONNULL = YES;
				CLANG_ANALYZER_NUMBER_OBJECT_CONVERSION = YES_AGGRESSIVE;
				CLANG_CXX_LANGUAGE_STANDARD = "gnu++14";
				CLANG_CXX_LIBRARY = "libc++";
				CLANG_ENABLE_MODULES = YES;
				CLANG_ENABLE_OBJC_ARC = YES;
				CLANG_ENABLE_OBJC_WEAK = YES;
				CLANG_WARN_BLOCK_CAPTURE_AUTORELEASING = YES;
				CLANG_WARN_BOOL_CONVERSION = YES;
				CLANG_WARN_COMMA = YES;
				CLANG_WARN_CONSTANT_CONVERSION = YES;
				CLANG_WARN_DEPRECATED_OBJC_IMPLEMENTATIONS = YES;
				CLANG_WARN_DIRECT_OBJC_ISA_USAGE = YES_ERROR;
				CLANG_WARN_DOCUMENTATION_COMMENTS = YES;
				CLANG_WARN_EMPTY_BODY = YES;
				CLANG_WARN_ENUM_CONVERSION = YES;
				CLANG_WARN_INFINITE_RECURSION = YES;
				CLANG_WARN_INT_CONVERSION = YES;
				CLANG_WARN_NON_LITERAL_NULL_CONVERSION = YES;
				CLANG_WARN_OBJC_IMPLICIT_RETAIN_SELF = YES;
				CLANG_WARN_OBJC_LITERAL_CONVERSION = YES;
				CLANG_WARN_OBJC_ROOT_CLASS = YES_ERROR;
				CLANG_WARN_RANGE_LOOP_ANALYSIS = YES;
				CLANG_WARN_STRICT_PROTOTYPES = YES;
				CLANG_WARN_SUSPICIOUS_MOVE = YES;
				CLANG_WARN_UNGUARDED_AVAILABILITY = YES_AGGRESSIVE;
				CLANG_WARN_UNREACHABLE_CODE = YES;
				CLANG_WARN__DUPLICATE_METHOD_MATCH = YES;
				CODE_SIGN_IDENTITY = "iPhone Developer";
				COPY_PHASE_STRIP = NO;
				DEBUG_INFORMATION_FORMAT = dwarf;
				ENABLE_STRICT_OBJC_MSGSEND = YES;
				ENABLE_TESTABILITY = YES;
				GCC_C_LANGUAGE_STANDARD = gnu11;
				GCC_DYNAMIC_NO_PIC = NO;
				GCC_NO_COMMON_BLOCKS = YES;
				GCC_OPTIMIZATION_LEVEL = 0;
				GCC_PREPROCESSOR_DEFINITIONS = (
					"DEBUG=1",
					"$(inherited)",
				);
				GCC_WARN_64_TO_32_BIT_CONVERSION = YES;
				GCC_WARN_ABOUT_RETURN_TYPE = YES_ERROR;
				GCC_WARN_UNDECLARED_SELECTOR = YES;
				GCC_WARN_UNINITIALIZED_AUTOS = YES_AGGRESSIVE;
				GCC_WARN_UNUSED_FUNCTION = YES;
				GCC_WARN_UNUSED_VARIABLE = YES;
				IPHONEOS_DEPLOYMENT_TARGET = 12.2;
				MTL_ENABLE_DEBUG_INFO = INCLUDE_SOURCE;
				MTL_FAST_MATH = YES;
				ONLY_ACTIVE_ARCH = YES;
				SDKROOT = iphoneos;
			};
			name = Debug;
		};
		70DAC98822811D0000AF2837 /* Release */ = {
			isa = XCBuildConfiguration;
			buildSettings = {
				ALWAYS_SEARCH_USER_PATHS = NO;
				CLANG_ANALYZER_NONNULL = YES;
				CLANG_ANALYZER_NUMBER_OBJECT_CONVERSION = YES_AGGRESSIVE;
				CLANG_CXX_LANGUAGE_STANDARD = "gnu++14";
				CLANG_CXX_LIBRARY = "libc++";
				CLANG_ENABLE_MODULES = YES;
				CLANG_ENABLE_OBJC_ARC = YES;
				CLANG_ENABLE_OBJC_WEAK = YES;
				CLANG_WARN_BLOCK_CAPTURE_AUTORELEASING = YES;
				CLANG_WARN_BOOL_CONVERSION = YES;
				CLANG_WARN_COMMA = YES;
				CLANG_WARN_CONSTANT_CONVERSION = YES;
				CLANG_WARN_DEPRECATED_OBJC_IMPLEMENTATIONS = YES;
				CLANG_WARN_DIRECT_OBJC_ISA_USAGE = YES_ERROR;
				CLANG_WARN_DOCUMENTATION_COMMENTS = YES;
				CLANG_WARN_EMPTY_BODY = YES;
				CLANG_WARN_ENUM_CONVERSION = YES;
				CLANG_WARN_INFINITE_RECURSION = YES;
				CLANG_WARN_INT_CONVERSION = YES;
				CLANG_WARN_NON_LITERAL_NULL_CONVERSION = YES;
				CLANG_WARN_OBJC_IMPLICIT_RETAIN_SELF = YES;
				CLANG_WARN_OBJC_LITERAL_CONVERSION = YES;
				CLANG_WARN_OBJC_ROOT_CLASS = YES_ERROR;
				CLANG_WARN_RANGE_LOOP_ANALYSIS = YES;
				CLANG_WARN_STRICT_PROTOTYPES = YES;
				CLANG_WARN_SUSPICIOUS_MOVE = YES;
				CLANG_WARN_UNGUARDED_AVAILABILITY = YES_AGGRESSIVE;
				CLANG_WARN_UNREACHABLE_CODE = YES;
				CLANG_WARN__DUPLICATE_METHOD_MATCH = YES;
				CODE_SIGN_IDENTITY = "iPhone Developer";
				COPY_PHASE_STRIP = NO;
				DEBUG_INFORMATION_FORMAT = "dwarf-with-dsym";
				ENABLE_NS_ASSERTIONS = NO;
				ENABLE_STRICT_OBJC_MSGSEND = YES;
				GCC_C_LANGUAGE_STANDARD = gnu11;
				GCC_NO_COMMON_BLOCKS = YES;
				GCC_WARN_64_TO_32_BIT_CONVERSION = YES;
				GCC_WARN_ABOUT_RETURN_TYPE = YES_ERROR;
				GCC_WARN_UNDECLARED_SELECTOR = YES;
				GCC_WARN_UNINITIALIZED_AUTOS = YES_AGGRESSIVE;
				GCC_WARN_UNUSED_FUNCTION = YES;
				GCC_WARN_UNUSED_VARIABLE = YES;
				IPHONEOS_DEPLOYMENT_TARGET = 12.2;
				MTL_ENABLE_DEBUG_INFO = NO;
				MTL_FAST_MATH = YES;
				SDKROOT = iphoneos;
				VALIDATE_PRODUCT = YES;
			};
			name = Release;
		};
		70DAC98A22811D0000AF2837 /* Debug */ = {
			isa = XCBuildConfiguration;
			buildSettings = {
				ASSETCATALOG_COMPILER_APPICON_NAME = AppIcon;
				CODE_SIGN_STYLE = Manual;
				DEVELOPMENT_TEAM = 5H38JVK5NX;
				INFOPLIST_FILE = Calculator/Info.plist;
				IPHONEOS_DEPLOYMENT_TARGET = 10.0;
				LD_RUNPATH_SEARCH_PATHS = (
					"$(inherited)",
					"@executable_path/Frameworks",
				);
				PRODUCT_BUNDLE_IDENTIFIER = com.pinzhi365.calculator;
				PRODUCT_NAME = "$(TARGET_NAME)";
				PROVISIONING_PROFILE_SPECIFIER = test;
				TARGETED_DEVICE_FAMILY = "1,2";
			};
			name = Debug;
		};
		70DAC98B22811D0000AF2837 /* Release */ = {
			isa = XCBuildConfiguration;
			buildSettings = {
				ASSETCATALOG_COMPILER_APPICON_NAME = AppIcon;
				CODE_SIGN_STYLE = Manual;
				DEVELOPMENT_TEAM = 5H38JVK5NX;
				INFOPLIST_FILE = Calculator/Info.plist;
				IPHONEOS_DEPLOYMENT_TARGET = 10.0;
				LD_RUNPATH_SEARCH_PATHS = (
					"$(inherited)",
					"@executable_path/Frameworks",
				);
				PRODUCT_BUNDLE_IDENTIFIER = com.pinzhi365.calculator;
				PRODUCT_NAME = "$(TARGET_NAME)";
				PROVISIONING_PROFILE_SPECIFIER = test;
				TARGETED_DEVICE_FAMILY = "1,2";
			};
			name = Release;
		};
		70DAC98D22811D0000AF2837 /* Debug */ = {
			isa = XCBuildConfiguration;
			buildSettings = {
				BUNDLE_LOADER = "$(TEST_HOST)";
				CODE_SIGN_STYLE = Automatic;
				INFOPLIST_FILE = CalculatorTests/Info.plist;
				LD_RUNPATH_SEARCH_PATHS = (
					"$(inherited)",
					"@executable_path/Frameworks",
					"@loader_path/Frameworks",
				);
				PRODUCT_BUNDLE_IDENTIFIER = x.wang.CalculatorTests;
				PRODUCT_NAME = "$(TARGET_NAME)";
				TARGETED_DEVICE_FAMILY = "1,2";
				TEST_HOST = "$(BUILT_PRODUCTS_DIR)/Calculator.app/Calculator";
			};
			name = Debug;
		};
		70DAC98E22811D0000AF2837 /* Release */ = {
			isa = XCBuildConfiguration;
			buildSettings = {
				BUNDLE_LOADER = "$(TEST_HOST)";
				CODE_SIGN_STYLE = Automatic;
				INFOPLIST_FILE = CalculatorTests/Info.plist;
				LD_RUNPATH_SEARCH_PATHS = (
					"$(inherited)",
					"@executable_path/Frameworks",
					"@loader_path/Frameworks",
				);
				PRODUCT_BUNDLE_IDENTIFIER = x.wang.CalculatorTests;
				PRODUCT_NAME = "$(TARGET_NAME)";
				TARGETED_DEVICE_FAMILY = "1,2";
				TEST_HOST = "$(BUILT_PRODUCTS_DIR)/Calculator.app/Calculator";
			};
			name = Release;
		};
/* End XCBuildConfiguration section */

/* Begin XCConfigurationList section */
		70DAC96322811CFC00AF2837 /* Build configuration list for PBXProject "Calculator" */ = {
			isa = XCConfigurationList;
			buildConfigurations = (
				70DAC98722811D0000AF2837 /* Debug */,
				70DAC98822811D0000AF2837 /* Release */,
			);
			defaultConfigurationIsVisible = 0;
			defaultConfigurationName = Release;
		};
		70DAC98922811D0000AF2837 /* Build configuration list for PBXNativeTarget "Calculator" */ = {
			isa = XCConfigurationList;
			buildConfigurations = (
				70DAC98A22811D0000AF2837 /* Debug */,
				70DAC98B22811D0000AF2837 /* Release */,
			);
			defaultConfigurationIsVisible = 0;
			defaultConfigurationName = Release;
		};
		70DAC98C22811D0000AF2837 /* Build configuration list for PBXNativeTarget "CalculatorTests" */ = {
			isa = XCConfigurationList;
			buildConfigurations = (
				70DAC98D22811D0000AF2837 /* Debug */,
				70DAC98E22811D0000AF2837 /* Release */,
			);
			defaultConfigurationIsVisible = 0;
			defaultConfigurationName = Release;
		};
/* End XCConfigurationList section */
	};
	rootObject = 70DAC96022811CFC00AF2837 /* Project object */;
}
